
Microsoft Visual Studio Solution File, Format Version 12.00
# Visual Studio Version 17
VisualStudioVersion = 17.3.32929.385
MinimumVisualStudioVersion = 10.0.40219.1
Project("{9A19103F-16F7-4668-BE54-9A1E7A4F7556}") = "ConsoleApp1", "ConsoleApp1\ConsoleApp1.csproj", "{3695F274-A421-4614-B560-54B64F974CF1}"
EndProject
Project("{FAE04EC0-301F-11D3-BF4B-00C04F79EFBC}") = "SnakeGameTest", "SnakeGameTest\SnakeGameTest.csproj", "{8DA16AAC-347A-4490-8F93-044D729341C9}"
EndProject
Global
	GlobalSection(SolutionConfigurationPlatforms) = preSolution
		Debug|Any CPU = Debug|Any CPU
		Release|Any CPU = Release|Any CPU
	EndGlobalSection
	GlobalSection(ProjectConfigurationPlatforms) = postSolution
		{3695F274-A421-4614-B560-54B64F974CF1}.Debug|Any CPU.ActiveCfg = Debug|Any CPU
		{3695F274-A421-4614-B560-54B64F974CF1}.Debug|Any CPU.Build.0 = Debug|Any CPU
		{3695F274-A421-4614-B560-54B64F974CF1}.Release|Any CPU.ActiveCfg = Release|Any CPU
		{3695F274-A421-4614-B560-54B64F974CF1}.Release|Any CPU.Build.0 = Release|Any CPU
		{8DA16AAC-347A-4490-8F93-044D729341C9}.Debug|Any CPU.ActiveCfg = Debug|Any CPU
		{8DA16AAC-347A-4490-8F93-044D729341C9}.Debug|Any CPU.Build.0 = Debug|Any CPU
		{8DA16AAC-347A-4490-8F93-044D729341C9}.Release|Any CPU.ActiveCfg = Release|Any CPU
		{8DA16AAC-347A-4490-8F93-044D729341C9}.Release|Any CPU.Build.0 = Release|Any CPU
	EndGlobalSection
	GlobalSection(SolutionProperties) = preSolution
		HideSolutionNode = FALSE
	EndGlobalSection
	GlobalSection(ExtensibilityGlobals) = postSolution
		SolutionGuid = {6E2D775A-BE7E-45DD-9975-335E7551A4B6}
	EndGlobalSection
EndGlobal
